<?xml version="1.0" encoding="utf-8"?>
<Project ToolsVersion="4.0" xmlns="http://schemas.microsoft.com/developer/msbuild/2003">
  <ItemGroup>
    <Filter Include="Sources">
      <UniqueIdentifier>{8b7ed093-66ce-4096-96d2-fbb9faa4bf52}</UniqueIdentifier>
    </Filter>
    <Filter Include="Sources\Modules">
      <UniqueIdentifier>{7b418be2-1631-4a31-9ef2-8a8b234a7339}</UniqueIdentifier>
    </Filter>
    <Filter Include="Sources\Tools">
      <UniqueIdentifier>{7e4dfaf7-022c-4f7d-92aa-f3b3fa9d6248}</UniqueIdentifier>
    </Filter>
    <Filter Include="Sources\Modules\Game">
      <UniqueIdentifier>{83f46af7-e02f-40c0-9e56-41d76082527b}</UniqueIdentifier>
    </Filter>
    <Filter Include="Libraries">
      <UniqueIdentifier>{8e5eb238-e05a-41a7-99b1-f182af0dd6c2}</UniqueIdentifier>
    </Filter>
    <Filter Include="Libraries\glew">
      <UniqueIdentifier>{bda755eb-51e8-4960-aaab-77e84d4c0ffe}</UniqueIdentifier>
    </Filter>
    <Filter Include="Libraries\Imgui">
      <UniqueIdentifier>{f81a7e5f-9d9d-4261-b6ae-8c6e1ead4fa9}</UniqueIdentifier>
    </Filter>
    <Filter Include="Libraries\MathGeoLib">
      <UniqueIdentifier>{39569e93-adb9-4c40-80f7-54d46b266941}</UniqueIdentifier>
    </Filter>
    <Filter Include="Libraries\MathGeoLib\tests">
      <UniqueIdentifier>{900eb3af-fa6d-47d3-af7c-0055f11edb65}</UniqueIdentifier>
    </Filter>
    <Filter Include="Libraries\MathGeoLib\src">
      <UniqueIdentifier>{04964841-72b5-4c20-9766-1faa6fa9f2e3}</UniqueIdentifier>
    </Filter>
    <Filter Include="Libraries\MathGeoLib\src\Algorithm">
      <UniqueIdentifier>{40383005-3369-4364-b3ed-87eb9b393411}</UniqueIdentifier>
    </Filter>
    <Filter Include="Libraries\MathGeoLib\src\Algorithm\Random">
      <UniqueIdentifier>{5d6294d9-5001-41db-9382-b5c8818ca8a7}</UniqueIdentifier>
    </Filter>
    <Filter Include="Libraries\MathGeoLib\src\emscripten">
      <UniqueIdentifier>{17232494-2133-4af9-b323-98ff0fd1ebef}</UniqueIdentifier>
    </Filter>
    <Filter Include="Libraries\MathGeoLib\src\Geometry">
      <UniqueIdentifier>{7029a013-2e47-4348-b08a-80ab89042864}</UniqueIdentifier>
    </Filter>
    <Filter Include="Libraries\MathGeoLib\src\Math">
      <UniqueIdentifier>{3b94c30a-2cfb-4e70-960a-2970c667df4e}</UniqueIdentifier>
    </Filter>
    <Filter Include="Libraries\MathGeoLib\src\Time">
      <UniqueIdentifier>{3ee2e7d1-a9e8-4d24-a78f-0d1ab9089b96}</UniqueIdentifier>
    </Filter>
    <Filter Include="Sources\GameObjects">
      <UniqueIdentifier>{7c93c637-a901-4183-9f43-0f2afec1bc9e}</UniqueIdentifier>
    </Filter>
    <Filter Include="Libraries\JSON">
      <UniqueIdentifier>{8dbf9895-1f96-42c9-bd48-5f7e52907082}</UniqueIdentifier>
    </Filter>
    <Filter Include="Libraries\assimp">
      <UniqueIdentifier>{7bca9bee-f00c-436f-a3c6-5ce60b12eed3}</UniqueIdentifier>
    </Filter>
    <Filter Include="Libraries\ImGuizmo">
      <UniqueIdentifier>{26e88d7b-a1da-44bb-a5a2-9f52820d0002}</UniqueIdentifier>
    </Filter>
    <Filter Include="Sources\Components">
      <UniqueIdentifier>{49c903e8-c683-4640-bff3-03e864de4f39}</UniqueIdentifier>
    </Filter>
    <Filter Include="Sources\Tools\Helpers">
      <UniqueIdentifier>{121f8e6b-df36-4ab0-be0d-601ddfc9e503}</UniqueIdentifier>
    </Filter>
    <Filter Include="Sources\Tools\Containers">
      <UniqueIdentifier>{afc36133-f401-499a-aa33-0da1e500fb52}</UniqueIdentifier>
    </Filter>
    <Filter Include="Sources\Tools\Resources">
      <UniqueIdentifier>{58f779f1-92d9-499e-a545-808680e099ff}</UniqueIdentifier>
    </Filter>
    <Filter Include="Sources\Tools\FileManager">
      <UniqueIdentifier>{205e29bb-2089-4a5f-a4d4-a72f04eca55a}</UniqueIdentifier>
    </Filter>
    <Filter Include="Sources\EditorWindows">
      <UniqueIdentifier>{b68ba407-61f1-4ff3-be78-9060b4cf3a7a}</UniqueIdentifier>
    </Filter>
  </ItemGroup>
  <ItemGroup>
    <ClInclude Include="Module.h">
      <Filter>Sources\Modules</Filter>
    </ClInclude>
    <ClInclude Include="ModuleAudio.h">
      <Filter>Sources\Modules</Filter>
    </ClInclude>
    <ClInclude Include="ModuleCamera3D.h">
      <Filter>Sources\Modules</Filter>
    </ClInclude>
    <ClInclude Include="ModuleInput.h">
      <Filter>Sources\Modules</Filter>
    </ClInclude>
    <ClInclude Include="ModuleRenderer3D.h">
      <Filter>Sources\Modules</Filter>
    </ClInclude>
    <ClInclude Include="ModuleWindow.h">
      <Filter>Sources\Modules</Filter>
    </ClInclude>
    <ClInclude Include="glmath.h">
      <Filter>Sources\Tools\Containers</Filter>
    </ClInclude>
    <ClInclude Include="Application.h">
      <Filter>Sources</Filter>
    </ClInclude>
    <ClInclude Include="Globals.h">
      <Filter>Sources</Filter>
    </ClInclude>
    <ClInclude Include="Primitive.h">
      <Filter>Sources\Tools\Helpers</Filter>
    </ClInclude>
    <ClInclude Include="Color.h">
      <Filter>Sources\Tools\Containers</Filter>
    </ClInclude>
    <ClInclude Include="Light.h">
      <Filter>Sources\Tools\Helpers</Filter>
    </ClInclude>
    <ClInclude Include="ModuleSceneIntro.h">
      <Filter>Sources\Modules\Game</Filter>
    </ClInclude>
    <ClInclude Include="Timer.h">
      <Filter>Sources\Tools</Filter>
    </ClInclude>
    <ClInclude Include="ModulePhysics3D.h">
      <Filter>Sources\Modules</Filter>
    </ClInclude>
    <ClInclude Include="imgui\imgui_impl_opengl2.h">
      <Filter>Libraries\Imgui</Filter>
    </ClInclude>
    <ClInclude Include="imgui\imgui_impl_sdl.h">
      <Filter>Libraries\Imgui</Filter>
    </ClInclude>
    <ClInclude Include="imgui\imgui_internal.h">
      <Filter>Libraries\Imgui</Filter>
    </ClInclude>
    <ClInclude Include="imgui\imstb_rectpack.h">
      <Filter>Libraries\Imgui</Filter>
    </ClInclude>
    <ClInclude Include="imgui\imstb_textedit.h">
      <Filter>Libraries\Imgui</Filter>
    </ClInclude>
    <ClInclude Include="imgui\imstb_truetype.h">
      <Filter>Libraries\Imgui</Filter>
    </ClInclude>
    <ClInclude Include="imgui\imconfig.h">
      <Filter>Libraries\Imgui</Filter>
    </ClInclude>
    <ClInclude Include="imgui\imgui.h">
      <Filter>Libraries\Imgui</Filter>
    </ClInclude>
    <ClInclude Include="ModuleEditor.h">
      <Filter>Sources\Modules</Filter>
    </ClInclude>
    <ClInclude Include="glew\include\eglew.h">
      <Filter>Libraries\glew</Filter>
    </ClInclude>
    <ClInclude Include="glew\include\glew.h">
      <Filter>Libraries\glew</Filter>
    </ClInclude>
    <ClInclude Include="glew\include\glxew.h">
      <Filter>Libraries\glew</Filter>
    </ClInclude>
    <ClInclude Include="glew\include\wglew.h">
      <Filter>Libraries\glew</Filter>
    </ClInclude>
    <ClInclude Include="MathGeoLib\tests\JSONReport.h">
      <Filter>Libraries\MathGeoLib\tests</Filter>
    </ClInclude>
    <ClInclude Include="MathGeoLib\tests\ObjectGenerators.h">
      <Filter>Libraries\MathGeoLib\tests</Filter>
    </ClInclude>
    <ClInclude Include="MathGeoLib\tests\SystemInfo.h">
      <Filter>Libraries\MathGeoLib\tests</Filter>
    </ClInclude>
    <ClInclude Include="MathGeoLib\tests\TestData.h">
      <Filter>Libraries\MathGeoLib\tests</Filter>
    </ClInclude>
    <ClInclude Include="MathGeoLib\tests\TestRunner.h">
      <Filter>Libraries\MathGeoLib\tests</Filter>
    </ClInclude>
    <ClInclude Include="MathGeoLib\src\MathBuildConfig.h">
      <Filter>Libraries\MathGeoLib\src</Filter>
    </ClInclude>
    <ClInclude Include="MathGeoLib\src\MathGeoLib.h">
      <Filter>Libraries\MathGeoLib\src</Filter>
    </ClInclude>
    <ClInclude Include="MathGeoLib\src\MathGeoLibFwd.h">
      <Filter>Libraries\MathGeoLib\src</Filter>
    </ClInclude>
    <ClInclude Include="MathGeoLib\src\Algorithm\Random\LCG.h">
      <Filter>Libraries\MathGeoLib\src\Algorithm\Random</Filter>
    </ClInclude>
    <ClInclude Include="MathGeoLib\src\Algorithm\GJK.h">
      <Filter>Libraries\MathGeoLib\src\Algorithm</Filter>
    </ClInclude>
    <ClInclude Include="MathGeoLib\src\Algorithm\GJK2D.h">
      <Filter>Libraries\MathGeoLib\src\Algorithm</Filter>
    </ClInclude>
    <ClInclude Include="MathGeoLib\src\Algorithm\SAT.h">
      <Filter>Libraries\MathGeoLib\src\Algorithm</Filter>
    </ClInclude>
    <ClInclude Include="MathGeoLib\src\emscripten\library_system.h">
      <Filter>Libraries\MathGeoLib\src\emscripten</Filter>
    </ClInclude>
    <ClInclude Include="MathGeoLib\src\Geometry\AABB.h">
      <Filter>Libraries\MathGeoLib\src\Geometry</Filter>
    </ClInclude>
    <ClInclude Include="MathGeoLib\src\Geometry\AABB2D.h">
      <Filter>Libraries\MathGeoLib\src\Geometry</Filter>
    </ClInclude>
    <ClInclude Include="MathGeoLib\src\Geometry\Capsule.h">
      <Filter>Libraries\MathGeoLib\src\Geometry</Filter>
    </ClInclude>
    <ClInclude Include="MathGeoLib\src\Geometry\Circle.h">
      <Filter>Libraries\MathGeoLib\src\Geometry</Filter>
    </ClInclude>
    <ClInclude Include="MathGeoLib\src\Geometry\Circle2D.h">
      <Filter>Libraries\MathGeoLib\src\Geometry</Filter>
    </ClInclude>
    <ClInclude Include="MathGeoLib\src\Geometry\Frustum.h">
      <Filter>Libraries\MathGeoLib\src\Geometry</Filter>
    </ClInclude>
    <ClInclude Include="MathGeoLib\src\Geometry\GeometryAll.h">
      <Filter>Libraries\MathGeoLib\src\Geometry</Filter>
    </ClInclude>
    <ClInclude Include="MathGeoLib\src\Geometry\GeomType.h">
      <Filter>Libraries\MathGeoLib\src\Geometry</Filter>
    </ClInclude>
    <ClInclude Include="MathGeoLib\src\Geometry\HitInfo.h">
      <Filter>Libraries\MathGeoLib\src\Geometry</Filter>
    </ClInclude>
    <ClInclude Include="MathGeoLib\src\Geometry\KDTree.h">
      <Filter>Libraries\MathGeoLib\src\Geometry</Filter>
    </ClInclude>
    <ClInclude Include="MathGeoLib\src\Geometry\Line.h">
      <Filter>Libraries\MathGeoLib\src\Geometry</Filter>
    </ClInclude>
    <ClInclude Include="MathGeoLib\src\Geometry\LineSegment.h">
      <Filter>Libraries\MathGeoLib\src\Geometry</Filter>
    </ClInclude>
    <ClInclude Include="MathGeoLib\src\Geometry\LineSegment2D.h">
      <Filter>Libraries\MathGeoLib\src\Geometry</Filter>
    </ClInclude>
    <ClInclude Include="MathGeoLib\src\Geometry\OBB.h">
      <Filter>Libraries\MathGeoLib\src\Geometry</Filter>
    </ClInclude>
    <ClInclude Include="MathGeoLib\src\Geometry\OBB2D.h">
      <Filter>Libraries\MathGeoLib\src\Geometry</Filter>
    </ClInclude>
    <ClInclude Include="MathGeoLib\src\Geometry\PBVolume.h">
      <Filter>Libraries\MathGeoLib\src\Geometry</Filter>
    </ClInclude>
    <ClInclude Include="MathGeoLib\src\Geometry\Plane.h">
      <Filter>Libraries\MathGeoLib\src\Geometry</Filter>
    </ClInclude>
    <ClInclude Include="MathGeoLib\src\Geometry\Polygon.h">
      <Filter>Libraries\MathGeoLib\src\Geometry</Filter>
    </ClInclude>
    <ClInclude Include="MathGeoLib\src\Geometry\Polygon2DRef.h">
      <Filter>Libraries\MathGeoLib\src\Geometry</Filter>
    </ClInclude>
    <ClInclude Include="MathGeoLib\src\Geometry\Polyhedron.h">
      <Filter>Libraries\MathGeoLib\src\Geometry</Filter>
    </ClInclude>
    <ClInclude Include="MathGeoLib\src\Geometry\QuadTree.h">
      <Filter>Libraries\MathGeoLib\src\Geometry</Filter>
    </ClInclude>
    <ClInclude Include="MathGeoLib\src\Geometry\Ray.h">
      <Filter>Libraries\MathGeoLib\src\Geometry</Filter>
    </ClInclude>
    <ClInclude Include="MathGeoLib\src\Geometry\Sphere.h">
      <Filter>Libraries\MathGeoLib\src\Geometry</Filter>
    </ClInclude>
    <ClInclude Include="MathGeoLib\src\Geometry\Triangle.h">
      <Filter>Libraries\MathGeoLib\src\Geometry</Filter>
    </ClInclude>
    <ClInclude Include="MathGeoLib\src\Geometry\Triangle2D.h">
      <Filter>Libraries\MathGeoLib\src\Geometry</Filter>
    </ClInclude>
    <ClInclude Include="MathGeoLib\src\Geometry\TriangleMesh.h">
      <Filter>Libraries\MathGeoLib\src\Geometry</Filter>
    </ClInclude>
    <ClInclude Include="MathGeoLib\src\Math\assume.h">
      <Filter>Libraries\MathGeoLib\src\Math</Filter>
    </ClInclude>
    <ClInclude Include="MathGeoLib\src\Math\BitFuncs.h">
      <Filter>Libraries\MathGeoLib\src\Math</Filter>
    </ClInclude>
    <ClInclude Include="MathGeoLib\src\Math\BitOps.h">
      <Filter>Libraries\MathGeoLib\src\Math</Filter>
    </ClInclude>
    <ClInclude Include="MathGeoLib\src\Math\Callstack.h">
      <Filter>Libraries\MathGeoLib\src\Math</Filter>
    </ClInclude>
    <ClInclude Include="MathGeoLib\src\Math\FixedPoint.h">
      <Filter>Libraries\MathGeoLib\src\Math</Filter>
    </ClInclude>
    <ClInclude Include="MathGeoLib\src\Math\float2.h">
      <Filter>Libraries\MathGeoLib\src\Math</Filter>
    </ClInclude>
    <ClInclude Include="MathGeoLib\src\Math\float3.h">
      <Filter>Libraries\MathGeoLib\src\Math</Filter>
    </ClInclude>
    <ClInclude Include="MathGeoLib\src\Math\float3x3.h">
      <Filter>Libraries\MathGeoLib\src\Math</Filter>
    </ClInclude>
    <ClInclude Include="MathGeoLib\src\Math\float3x4.h">
      <Filter>Libraries\MathGeoLib\src\Math</Filter>
    </ClInclude>
    <ClInclude Include="MathGeoLib\src\Math\float4.h">
      <Filter>Libraries\MathGeoLib\src\Math</Filter>
    </ClInclude>
    <ClInclude Include="MathGeoLib\src\Math\float4_neon.h">
      <Filter>Libraries\MathGeoLib\src\Math</Filter>
    </ClInclude>
    <ClInclude Include="MathGeoLib\src\Math\float4_sse.h">
      <Filter>Libraries\MathGeoLib\src\Math</Filter>
    </ClInclude>
    <ClInclude Include="MathGeoLib\src\Math\float4d.h">
      <Filter>Libraries\MathGeoLib\src\Math</Filter>
    </ClInclude>
    <ClInclude Include="MathGeoLib\src\Math\float4x4.h">
      <Filter>Libraries\MathGeoLib\src\Math</Filter>
    </ClInclude>
    <ClInclude Include="MathGeoLib\src\Math\float4x4_neon.h">
      <Filter>Libraries\MathGeoLib\src\Math</Filter>
    </ClInclude>
    <ClInclude Include="MathGeoLib\src\Math\float4x4_sse.h">
      <Filter>Libraries\MathGeoLib\src\Math</Filter>
    </ClInclude>
    <ClInclude Include="MathGeoLib\src\Math\FloatCmp.h">
      <Filter>Libraries\MathGeoLib\src\Math</Filter>
    </ClInclude>
    <ClInclude Include="MathGeoLib\src\Math\grisu3.h">
      <Filter>Libraries\MathGeoLib\src\Math</Filter>
    </ClInclude>
    <ClInclude Include="MathGeoLib\src\Math\InclWindows.h">
      <Filter>Libraries\MathGeoLib\src\Math</Filter>
    </ClInclude>
    <ClInclude Include="MathGeoLib\src\Math\Interpolate.h">
      <Filter>Libraries\MathGeoLib\src\Math</Filter>
    </ClInclude>
    <ClInclude Include="MathGeoLib\src\Math\MathAll.h">
      <Filter>Libraries\MathGeoLib\src\Math</Filter>
    </ClInclude>
    <ClInclude Include="MathGeoLib\src\Math\MathConstants.h">
      <Filter>Libraries\MathGeoLib\src\Math</Filter>
    </ClInclude>
    <ClInclude Include="MathGeoLib\src\Math\MathFunc.h">
      <Filter>Libraries\MathGeoLib\src\Math</Filter>
    </ClInclude>
    <ClInclude Include="MathGeoLib\src\Math\MathLog.h">
      <Filter>Libraries\MathGeoLib\src\Math</Filter>
    </ClInclude>
    <ClInclude Include="MathGeoLib\src\Math\MathNamespace.h">
      <Filter>Libraries\MathGeoLib\src\Math</Filter>
    </ClInclude>
    <ClInclude Include="MathGeoLib\src\Math\MathTypes.h">
      <Filter>Libraries\MathGeoLib\src\Math</Filter>
    </ClInclude>
    <ClInclude Include="MathGeoLib\src\Math\MatrixProxy.h">
      <Filter>Libraries\MathGeoLib\src\Math</Filter>
    </ClInclude>
    <ClInclude Include="MathGeoLib\src\Math\MiniFloat.h">
      <Filter>Libraries\MathGeoLib\src\Math</Filter>
    </ClInclude>
    <ClInclude Include="MathGeoLib\src\Math\MultiLineMacro.h">
      <Filter>Libraries\MathGeoLib\src\Math</Filter>
    </ClInclude>
    <ClInclude Include="MathGeoLib\src\Math\myassert.h">
      <Filter>Libraries\MathGeoLib\src\Math</Filter>
    </ClInclude>
    <ClInclude Include="MathGeoLib\src\Math\Polynomial.h">
      <Filter>Libraries\MathGeoLib\src\Math</Filter>
    </ClInclude>
    <ClInclude Include="MathGeoLib\src\Math\Quat.h">
      <Filter>Libraries\MathGeoLib\src\Math</Filter>
    </ClInclude>
    <ClInclude Include="MathGeoLib\src\Math\quat_simd.h">
      <Filter>Libraries\MathGeoLib\src\Math</Filter>
    </ClInclude>
    <ClInclude Include="MathGeoLib\src\Math\Rect.h">
      <Filter>Libraries\MathGeoLib\src\Math</Filter>
    </ClInclude>
    <ClInclude Include="MathGeoLib\src\Math\Reinterpret.h">
      <Filter>Libraries\MathGeoLib\src\Math</Filter>
    </ClInclude>
    <ClInclude Include="MathGeoLib\src\Math\simd.h">
      <Filter>Libraries\MathGeoLib\src\Math</Filter>
    </ClInclude>
    <ClInclude Include="MathGeoLib\src\Math\sse_mathfun.h">
      <Filter>Libraries\MathGeoLib\src\Math</Filter>
    </ClInclude>
    <ClInclude Include="MathGeoLib\src\Math\SSEMath.h">
      <Filter>Libraries\MathGeoLib\src\Math</Filter>
    </ClInclude>
    <ClInclude Include="MathGeoLib\src\Math\Swap.h">
      <Filter>Libraries\MathGeoLib\src\Math</Filter>
    </ClInclude>
    <ClInclude Include="MathGeoLib\src\Math\TransformOps.h">
      <Filter>Libraries\MathGeoLib\src\Math</Filter>
    </ClInclude>
    <ClInclude Include="MathGeoLib\src\Math\vec2d.h">
      <Filter>Libraries\MathGeoLib\src\Math</Filter>
    </ClInclude>
    <ClInclude Include="MathGeoLib\src\Time\Clock.h">
      <Filter>Libraries\MathGeoLib\src\Time</Filter>
    </ClInclude>
    <ClInclude Include="ModuleConsole.h">
      <Filter>Sources\Modules</Filter>
    </ClInclude>
    <ClInclude Include="InspectorWindow.h">
      <Filter>Sources\EditorWindows</Filter>
    </ClInclude>
    <ClInclude Include="WindowConfiguration.h">
      <Filter>Sources\EditorWindows</Filter>
    </ClInclude>
    <ClInclude Include="JsonParser.h">
      <Filter>Sources\Tools\FileManager</Filter>
    </ClInclude>
    <ClInclude Include="resource.h">
      <Filter>Sources\Tools\Resources</Filter>
    </ClInclude>
    <ClInclude Include="JSON\parson.h">
      <Filter>Libraries\JSON</Filter>
    </ClInclude>
    <ClInclude Include="VidMemViaDDraw.h">
      <Filter>Sources\Tools</Filter>
    </ClInclude>
    <ClInclude Include="GameObject.h">
      <Filter>Sources\GameObjects</Filter>
    </ClInclude>
    <ClInclude Include="HierarchyWindow.h">
      <Filter>Sources\EditorWindows</Filter>
    </ClInclude>
    <ClInclude Include="assimp\include\aabb.h">
      <Filter>Libraries\assimp</Filter>
    </ClInclude>
    <ClInclude Include="assimp\include\ai_assert.h">
      <Filter>Libraries\assimp</Filter>
    </ClInclude>
    <ClInclude Include="assimp\include\anim.h">
      <Filter>Libraries\assimp</Filter>
    </ClInclude>
    <ClInclude Include="assimp\include\BaseImporter.h">
      <Filter>Libraries\assimp</Filter>
    </ClInclude>
    <ClInclude Include="assimp\include\Bitmap.h">
      <Filter>Libraries\assimp</Filter>
    </ClInclude>
    <ClInclude Include="assimp\include\BlobIOSystem.h">
      <Filter>Libraries\assimp</Filter>
    </ClInclude>
    <ClInclude Include="assimp\include\ByteSwapper.h">
      <Filter>Libraries\assimp</Filter>
    </ClInclude>
    <ClInclude Include="assimp\include\camera.h">
      <Filter>Libraries\assimp</Filter>
    </ClInclude>
    <ClInclude Include="assimp\include\cexport.h">
      <Filter>Libraries\assimp</Filter>
    </ClInclude>
    <ClInclude Include="assimp\include\cfileio.h">
      <Filter>Libraries\assimp</Filter>
    </ClInclude>
    <ClInclude Include="assimp\include\cimport.h">
      <Filter>Libraries\assimp</Filter>
    </ClInclude>
    <ClInclude Include="assimp\include\color4.h">
      <Filter>Libraries\assimp</Filter>
    </ClInclude>
    <ClInclude Include="assimp\include\CreateAnimMesh.h">
      <Filter>Libraries\assimp</Filter>
    </ClInclude>
    <ClInclude Include="assimp\include\DefaultIOStream.h">
      <Filter>Libraries\assimp</Filter>
    </ClInclude>
    <ClInclude Include="assimp\include\DefaultIOSystem.h">
      <Filter>Libraries\assimp</Filter>
    </ClInclude>
    <ClInclude Include="assimp\include\DefaultLogger.hpp">
      <Filter>Libraries\assimp</Filter>
    </ClInclude>
    <ClInclude Include="assimp\include\Defines.h">
      <Filter>Libraries\assimp</Filter>
    </ClInclude>
    <ClInclude Include="assimp\include\defs.h">
      <Filter>Libraries\assimp</Filter>
    </ClInclude>
    <ClInclude Include="assimp\include\Exceptional.h">
      <Filter>Libraries\assimp</Filter>
    </ClInclude>
    <ClInclude Include="assimp\include\Exporter.hpp">
      <Filter>Libraries\assimp</Filter>
    </ClInclude>
    <ClInclude Include="assimp\include\fast_atof.h">
      <Filter>Libraries\assimp</Filter>
    </ClInclude>
    <ClInclude Include="assimp\include\GenericProperty.h">
      <Filter>Libraries\assimp</Filter>
    </ClInclude>
    <ClInclude Include="assimp\include\Hash.h">
      <Filter>Libraries\assimp</Filter>
    </ClInclude>
    <ClInclude Include="assimp\include\Importer.hpp">
      <Filter>Libraries\assimp</Filter>
    </ClInclude>
    <ClInclude Include="assimp\include\importerdesc.h">
      <Filter>Libraries\assimp</Filter>
    </ClInclude>
    <ClInclude Include="assimp\include\IOStream.hpp">
      <Filter>Libraries\assimp</Filter>
    </ClInclude>
    <ClInclude Include="assimp\include\IOStreamBuffer.h">
      <Filter>Libraries\assimp</Filter>
    </ClInclude>
    <ClInclude Include="assimp\include\IOSystem.hpp">
      <Filter>Libraries\assimp</Filter>
    </ClInclude>
    <ClInclude Include="assimp\include\irrXMLWrapper.h">
      <Filter>Libraries\assimp</Filter>
    </ClInclude>
    <ClInclude Include="assimp\include\light.h">
      <Filter>Libraries\assimp</Filter>
    </ClInclude>
    <ClInclude Include="assimp\include\LineSplitter.h">
      <Filter>Libraries\assimp</Filter>
    </ClInclude>
    <ClInclude Include="assimp\include\LogAux.h">
      <Filter>Libraries\assimp</Filter>
    </ClInclude>
    <ClInclude Include="assimp\include\Logger.hpp">
      <Filter>Libraries\assimp</Filter>
    </ClInclude>
    <ClInclude Include="assimp\include\LogStream.hpp">
      <Filter>Libraries\assimp</Filter>
    </ClInclude>
    <ClInclude Include="assimp\include\Macros.h">
      <Filter>Libraries\assimp</Filter>
    </ClInclude>
    <ClInclude Include="assimp\include\material.h">
      <Filter>Libraries\assimp</Filter>
    </ClInclude>
    <ClInclude Include="assimp\include\MathFunctions.h">
      <Filter>Libraries\assimp</Filter>
    </ClInclude>
    <ClInclude Include="assimp\include\matrix3x3.h">
      <Filter>Libraries\assimp</Filter>
    </ClInclude>
    <ClInclude Include="assimp\include\matrix4x4.h">
      <Filter>Libraries\assimp</Filter>
    </ClInclude>
    <ClInclude Include="assimp\include\MemoryIOWrapper.h">
      <Filter>Libraries\assimp</Filter>
    </ClInclude>
    <ClInclude Include="assimp\include\mesh.h">
      <Filter>Libraries\assimp</Filter>
    </ClInclude>
    <ClInclude Include="assimp\include\metadata.h">
      <Filter>Libraries\assimp</Filter>
    </ClInclude>
    <ClInclude Include="assimp\include\NullLogger.hpp">
      <Filter>Libraries\assimp</Filter>
    </ClInclude>
    <ClInclude Include="assimp\include\ParsingUtils.h">
      <Filter>Libraries\assimp</Filter>
    </ClInclude>
    <ClInclude Include="assimp\include\pbrmaterial.h">
      <Filter>Libraries\assimp</Filter>
    </ClInclude>
    <ClInclude Include="assimp\include\postprocess.h">
      <Filter>Libraries\assimp</Filter>
    </ClInclude>
    <ClInclude Include="assimp\include\Profiler.h">
      <Filter>Libraries\assimp</Filter>
    </ClInclude>
    <ClInclude Include="assimp\include\ProgressHandler.hpp">
      <Filter>Libraries\assimp</Filter>
    </ClInclude>
    <ClInclude Include="assimp\include\qnan.h">
      <Filter>Libraries\assimp</Filter>
    </ClInclude>
    <ClInclude Include="assimp\include\quaternion.h">
      <Filter>Libraries\assimp</Filter>
    </ClInclude>
    <ClInclude Include="assimp\include\RemoveComments.h">
      <Filter>Libraries\assimp</Filter>
    </ClInclude>
    <ClInclude Include="assimp\include\scene.h">
      <Filter>Libraries\assimp</Filter>
    </ClInclude>
    <ClInclude Include="assimp\include\SceneCombiner.h">
      <Filter>Libraries\assimp</Filter>
    </ClInclude>
    <ClInclude Include="assimp\include\SGSpatialSort.h">
      <Filter>Libraries\assimp</Filter>
    </ClInclude>
    <ClInclude Include="assimp\include\SkeletonMeshBuilder.h">
      <Filter>Libraries\assimp</Filter>
    </ClInclude>
    <ClInclude Include="assimp\include\SmoothingGroups.h">
      <Filter>Libraries\assimp</Filter>
    </ClInclude>
    <ClInclude Include="assimp\include\SpatialSort.h">
      <Filter>Libraries\assimp</Filter>
    </ClInclude>
    <ClInclude Include="assimp\include\StandardShapes.h">
      <Filter>Libraries\assimp</Filter>
    </ClInclude>
    <ClInclude Include="assimp\include\StreamReader.h">
      <Filter>Libraries\assimp</Filter>
    </ClInclude>
    <ClInclude Include="assimp\include\StreamWriter.h">
      <Filter>Libraries\assimp</Filter>
    </ClInclude>
    <ClInclude Include="assimp\include\StringComparison.h">
      <Filter>Libraries\assimp</Filter>
    </ClInclude>
    <ClInclude Include="assimp\include\StringUtils.h">
      <Filter>Libraries\assimp</Filter>
    </ClInclude>
    <ClInclude Include="assimp\include\Subdivision.h">
      <Filter>Libraries\assimp</Filter>
    </ClInclude>
    <ClInclude Include="assimp\include\texture.h">
      <Filter>Libraries\assimp</Filter>
    </ClInclude>
    <ClInclude Include="assimp\include\TinyFormatter.h">
      <Filter>Libraries\assimp</Filter>
    </ClInclude>
    <ClInclude Include="assimp\include\types.h">
      <Filter>Libraries\assimp</Filter>
    </ClInclude>
    <ClInclude Include="assimp\include\vector2.h">
      <Filter>Libraries\assimp</Filter>
    </ClInclude>
    <ClInclude Include="assimp\include\vector3.h">
      <Filter>Libraries\assimp</Filter>
    </ClInclude>
    <ClInclude Include="assimp\include\version.h">
      <Filter>Libraries\assimp</Filter>
    </ClInclude>
    <ClInclude Include="assimp\include\Vertex.h">
      <Filter>Libraries\assimp</Filter>
    </ClInclude>
    <ClInclude Include="assimp\include\XMLTools.h">
      <Filter>Libraries\assimp</Filter>
    </ClInclude>
    <ClInclude Include="assimp\include\ZipArchiveIOSystem.h">
      <Filter>Libraries\assimp</Filter>
    </ClInclude>
    <ClInclude Include="ImGuizmo\ImGuizmo.h">
      <Filter>Libraries\ImGuizmo</Filter>
    </ClInclude>
    <ClInclude Include="ImGuizmo\ImSequencer.h">
      <Filter>Libraries\ImGuizmo</Filter>
    </ClInclude>
    <ClInclude Include="ModuleLoader.h">
      <Filter>Sources\Modules</Filter>
    </ClInclude>
    <ClInclude Include="Transformation.h">
      <Filter>Sources\Components</Filter>
    </ClInclude>
    <ClInclude Include="Component.h">
      <Filter>Sources\Components</Filter>
    </ClInclude>
    <ClInclude Include="Mesh.h">
      <Filter>Sources\Components</Filter>
    </ClInclude>
    <ClInclude Include="ModuleTexture.h">
      <Filter>Sources\Modules</Filter>
    </ClInclude>
    <ClInclude Include="SceneWindow.h">
      <Filter>Sources\EditorWindows</Filter>
    </ClInclude>
    <ClInclude Include="ModuleFile.h" />
  </ItemGroup>
  <ItemGroup>
    <ClCompile Include="ModuleAudio.cpp">
      <Filter>Sources\Modules</Filter>
    </ClCompile>
    <ClCompile Include="ModuleCamera3D.cpp">
      <Filter>Sources\Modules</Filter>
    </ClCompile>
    <ClCompile Include="ModuleInput.cpp">
      <Filter>Sources\Modules</Filter>
    </ClCompile>
    <ClCompile Include="ModuleRenderer3D.cpp">
      <Filter>Sources\Modules</Filter>
    </ClCompile>
    <ClCompile Include="ModuleWindow.cpp">
      <Filter>Sources\Modules</Filter>
    </ClCompile>
    <ClCompile Include="log.cpp">
      <Filter>Sources\Tools</Filter>
    </ClCompile>
    <ClCompile Include="Timer.cpp">
      <Filter>Sources\Tools</Filter>
    </ClCompile>
    <ClCompile Include="Application.cpp">
      <Filter>Sources</Filter>
    </ClCompile>
    <ClCompile Include="Main.cpp">
      <Filter>Sources</Filter>
    </ClCompile>
    <ClCompile Include="glmath.cpp">
      <Filter>Sources\Tools\Containers</Filter>
    </ClCompile>
    <ClCompile Include="Primitive.cpp">
      <Filter>Sources\Tools\Helpers</Filter>
    </ClCompile>
    <ClCompile Include="Color.cpp">
      <Filter>Sources\Tools\Containers</Filter>
    </ClCompile>
    <ClCompile Include="Light.cpp">
      <Filter>Sources\Tools\Helpers</Filter>
    </ClCompile>
    <ClCompile Include="ModuleSceneIntro.cpp">
      <Filter>Sources\Modules\Game</Filter>
    </ClCompile>
    <ClCompile Include="ModulePhysics3D.cpp">
      <Filter>Sources\Modules</Filter>
    </ClCompile>
    <ClCompile Include="imgui\imgui_draw.cpp">
      <Filter>Libraries\Imgui</Filter>
    </ClCompile>
    <ClCompile Include="imgui\imgui_impl_opengl2.cpp">
      <Filter>Libraries\Imgui</Filter>
    </ClCompile>
    <ClCompile Include="imgui\imgui_impl_sdl.cpp">
      <Filter>Libraries\Imgui</Filter>
    </ClCompile>
    <ClCompile Include="imgui\imgui_tables.cpp">
      <Filter>Libraries\Imgui</Filter>
    </ClCompile>
    <ClCompile Include="imgui\imgui_widgets.cpp">
      <Filter>Libraries\Imgui</Filter>
    </ClCompile>
    <ClCompile Include="imgui\imgui.cpp">
      <Filter>Libraries\Imgui</Filter>
    </ClCompile>
    <ClCompile Include="imgui\imgui_demo.cpp">
      <Filter>Libraries\Imgui</Filter>
    </ClCompile>
    <ClCompile Include="ModuleEditor.cpp">
      <Filter>Sources\Modules</Filter>
    </ClCompile>
    <ClCompile Include="MathGeoLib\tests\AABBTests.cpp">
      <Filter>Libraries\MathGeoLib\tests</Filter>
    </ClCompile>
    <ClCompile Include="MathGeoLib\tests\CallstackTests.cpp">
      <Filter>Libraries\MathGeoLib\tests</Filter>
    </ClCompile>
    <ClCompile Include="MathGeoLib\tests\Circle2DTests.cpp">
      <Filter>Libraries\MathGeoLib\tests</Filter>
    </ClCompile>
    <ClCompile Include="MathGeoLib\tests\ClockTests.cpp">
      <Filter>Libraries\MathGeoLib\tests</Filter>
    </ClCompile>
    <ClCompile Include="MathGeoLib\tests\ConversionTests.cpp">
      <Filter>Libraries\MathGeoLib\tests</Filter>
    </ClCompile>
    <ClCompile Include="MathGeoLib\tests\DegenerateTests.cpp">
      <Filter>Libraries\MathGeoLib\tests</Filter>
    </ClCompile>
    <ClCompile Include="MathGeoLib\tests\EncloseTests.cpp">
      <Filter>Libraries\MathGeoLib\tests</Filter>
    </ClCompile>
    <ClCompile Include="MathGeoLib\tests\Float4dTests.cpp">
      <Filter>Libraries\MathGeoLib\tests</Filter>
    </ClCompile>
    <ClCompile Include="MathGeoLib\tests\FrustumTests.cpp">
      <Filter>Libraries\MathGeoLib\tests</Filter>
    </ClCompile>
    <ClCompile Include="MathGeoLib\tests\GJKTests.cpp">
      <Filter>Libraries\MathGeoLib\tests</Filter>
    </ClCompile>
    <ClCompile Include="MathGeoLib\tests\KdTreeTests.cpp">
      <Filter>Libraries\MathGeoLib\tests</Filter>
    </ClCompile>
    <ClCompile Include="MathGeoLib\tests\LCGTests.cpp">
      <Filter>Libraries\MathGeoLib\tests</Filter>
    </ClCompile>
    <ClCompile Include="MathGeoLib\tests\LineTests.cpp">
      <Filter>Libraries\MathGeoLib\tests</Filter>
    </ClCompile>
    <ClCompile Include="MathGeoLib\tests\MathFuncTests.cpp">
      <Filter>Libraries\MathGeoLib\tests</Filter>
    </ClCompile>
    <ClCompile Include="MathGeoLib\tests\MatrixTests.cpp">
      <Filter>Libraries\MathGeoLib\tests</Filter>
    </ClCompile>
    <ClCompile Include="MathGeoLib\tests\MemcpyTests.cpp">
      <Filter>Libraries\MathGeoLib\tests</Filter>
    </ClCompile>
    <ClCompile Include="MathGeoLib\tests\NegativeTests.cpp">
      <Filter>Libraries\MathGeoLib\tests</Filter>
    </ClCompile>
    <ClCompile Include="MathGeoLib\tests\NEONTests.cpp">
      <Filter>Libraries\MathGeoLib\tests</Filter>
    </ClCompile>
    <ClCompile Include="MathGeoLib\tests\OBBTests.cpp">
      <Filter>Libraries\MathGeoLib\tests</Filter>
    </ClCompile>
    <ClCompile Include="MathGeoLib\tests\PBVolumeTests.cpp">
      <Filter>Libraries\MathGeoLib\tests</Filter>
    </ClCompile>
    <ClCompile Include="MathGeoLib\tests\PolygonTests.cpp">
      <Filter>Libraries\MathGeoLib\tests</Filter>
    </ClCompile>
    <ClCompile Include="MathGeoLib\tests\PolyhedronTests.cpp">
      <Filter>Libraries\MathGeoLib\tests</Filter>
    </ClCompile>
    <ClCompile Include="MathGeoLib\tests\PositiveTests.cpp">
      <Filter>Libraries\MathGeoLib\tests</Filter>
    </ClCompile>
    <ClCompile Include="MathGeoLib\tests\QuatTests.cpp">
      <Filter>Libraries\MathGeoLib\tests</Filter>
    </ClCompile>
    <ClCompile Include="MathGeoLib\tests\SAT2DTests.cpp">
      <Filter>Libraries\MathGeoLib\tests</Filter>
    </ClCompile>
    <ClCompile Include="MathGeoLib\tests\SerializationTests.cpp">
      <Filter>Libraries\MathGeoLib\tests</Filter>
    </ClCompile>
    <ClCompile Include="MathGeoLib\tests\SphereTests.cpp">
      <Filter>Libraries\MathGeoLib\tests</Filter>
    </ClCompile>
    <ClCompile Include="MathGeoLib\tests\SSEMathTests.cpp">
      <Filter>Libraries\MathGeoLib\tests</Filter>
    </ClCompile>
    <ClCompile Include="MathGeoLib\tests\SystemInfo.cpp">
      <Filter>Libraries\MathGeoLib\tests</Filter>
    </ClCompile>
    <ClCompile Include="MathGeoLib\tests\SystemInfoTests.cpp">
      <Filter>Libraries\MathGeoLib\tests</Filter>
    </ClCompile>
    <ClCompile Include="MathGeoLib\tests\TestData.cpp">
      <Filter>Libraries\MathGeoLib\tests</Filter>
    </ClCompile>
    <ClCompile Include="MathGeoLib\tests\TestRunner.cpp">
      <Filter>Libraries\MathGeoLib\tests</Filter>
    </ClCompile>
    <ClCompile Include="MathGeoLib\tests\TransformTests.cpp">
      <Filter>Libraries\MathGeoLib\tests</Filter>
    </ClCompile>
    <ClCompile Include="MathGeoLib\tests\TriangleMeshTests.cpp">
      <Filter>Libraries\MathGeoLib\tests</Filter>
    </ClCompile>
    <ClCompile Include="MathGeoLib\tests\TriangleTests.cpp">
      <Filter>Libraries\MathGeoLib\tests</Filter>
    </ClCompile>
    <ClCompile Include="MathGeoLib\tests\VectorTests.cpp">
      <Filter>Libraries\MathGeoLib\tests</Filter>
    </ClCompile>
    <ClCompile Include="MathGeoLib\src\Algorithm\Random\LCG.cpp">
      <Filter>Libraries\MathGeoLib\src\Algorithm\Random</Filter>
    </ClCompile>
    <ClCompile Include="MathGeoLib\src\Algorithm\GJK.cpp">
      <Filter>Libraries\MathGeoLib\src\Algorithm</Filter>
    </ClCompile>
    <ClCompile Include="MathGeoLib\src\Algorithm\GJK2D.cpp">
      <Filter>Libraries\MathGeoLib\src\Algorithm</Filter>
    </ClCompile>
    <ClCompile Include="MathGeoLib\src\Algorithm\SAT.cpp">
      <Filter>Libraries\MathGeoLib\src\Algorithm</Filter>
    </ClCompile>
    <ClCompile Include="MathGeoLib\src\Geometry\AABB.cpp">
      <Filter>Libraries\MathGeoLib\src\Geometry</Filter>
    </ClCompile>
    <ClCompile Include="MathGeoLib\src\Geometry\Capsule.cpp">
      <Filter>Libraries\MathGeoLib\src\Geometry</Filter>
    </ClCompile>
    <ClCompile Include="MathGeoLib\src\Geometry\Circle.cpp">
      <Filter>Libraries\MathGeoLib\src\Geometry</Filter>
    </ClCompile>
    <ClCompile Include="MathGeoLib\src\Geometry\Circle2D.cpp">
      <Filter>Libraries\MathGeoLib\src\Geometry</Filter>
    </ClCompile>
    <ClCompile Include="MathGeoLib\src\Geometry\Frustum.cpp">
      <Filter>Libraries\MathGeoLib\src\Geometry</Filter>
    </ClCompile>
    <ClCompile Include="MathGeoLib\src\Geometry\Line.cpp">
      <Filter>Libraries\MathGeoLib\src\Geometry</Filter>
    </ClCompile>
    <ClCompile Include="MathGeoLib\src\Geometry\LineSegment.cpp">
      <Filter>Libraries\MathGeoLib\src\Geometry</Filter>
    </ClCompile>
    <ClCompile Include="MathGeoLib\src\Geometry\LineSegment2D.cpp">
      <Filter>Libraries\MathGeoLib\src\Geometry</Filter>
    </ClCompile>
    <ClCompile Include="MathGeoLib\src\Geometry\OBB.cpp">
      <Filter>Libraries\MathGeoLib\src\Geometry</Filter>
    </ClCompile>
    <ClCompile Include="MathGeoLib\src\Geometry\PBVolume.cpp">
      <Filter>Libraries\MathGeoLib\src\Geometry</Filter>
    </ClCompile>
    <ClCompile Include="MathGeoLib\src\Geometry\Plane.cpp">
      <Filter>Libraries\MathGeoLib\src\Geometry</Filter>
    </ClCompile>
    <ClCompile Include="MathGeoLib\src\Geometry\Polygon.cpp">
      <Filter>Libraries\MathGeoLib\src\Geometry</Filter>
    </ClCompile>
    <ClCompile Include="MathGeoLib\src\Geometry\Polyhedron.cpp">
      <Filter>Libraries\MathGeoLib\src\Geometry</Filter>
    </ClCompile>
    <ClCompile Include="MathGeoLib\src\Geometry\Ray.cpp">
      <Filter>Libraries\MathGeoLib\src\Geometry</Filter>
    </ClCompile>
    <ClCompile Include="MathGeoLib\src\Geometry\Sphere.cpp">
      <Filter>Libraries\MathGeoLib\src\Geometry</Filter>
    </ClCompile>
    <ClCompile Include="MathGeoLib\src\Geometry\Triangle.cpp">
      <Filter>Libraries\MathGeoLib\src\Geometry</Filter>
    </ClCompile>
    <ClCompile Include="MathGeoLib\src\Geometry\Triangle2D.cpp">
      <Filter>Libraries\MathGeoLib\src\Geometry</Filter>
    </ClCompile>
    <ClCompile Include="MathGeoLib\src\Geometry\TriangleMesh.cpp">
      <Filter>Libraries\MathGeoLib\src\Geometry</Filter>
    </ClCompile>
    <ClCompile Include="MathGeoLib\src\Math\BitOps.cpp">
      <Filter>Libraries\MathGeoLib\src\Math</Filter>
    </ClCompile>
    <ClCompile Include="MathGeoLib\src\Math\Callstack.cpp">
      <Filter>Libraries\MathGeoLib\src\Math</Filter>
    </ClCompile>
    <ClCompile Include="MathGeoLib\src\Math\float2.cpp">
      <Filter>Libraries\MathGeoLib\src\Math</Filter>
    </ClCompile>
    <ClCompile Include="MathGeoLib\src\Math\float3.cpp">
      <Filter>Libraries\MathGeoLib\src\Math</Filter>
    </ClCompile>
    <ClCompile Include="MathGeoLib\src\Math\float3x3.cpp">
      <Filter>Libraries\MathGeoLib\src\Math</Filter>
    </ClCompile>
    <ClCompile Include="MathGeoLib\src\Math\float3x4.cpp">
      <Filter>Libraries\MathGeoLib\src\Math</Filter>
    </ClCompile>
    <ClCompile Include="MathGeoLib\src\Math\float4.cpp">
      <Filter>Libraries\MathGeoLib\src\Math</Filter>
    </ClCompile>
    <ClCompile Include="MathGeoLib\src\Math\float4d.cpp">
      <Filter>Libraries\MathGeoLib\src\Math</Filter>
    </ClCompile>
    <ClCompile Include="MathGeoLib\src\Math\float4x4.cpp">
      <Filter>Libraries\MathGeoLib\src\Math</Filter>
    </ClCompile>
    <ClCompile Include="MathGeoLib\src\Math\grisu3.c">
      <Filter>Libraries\MathGeoLib\src\Math</Filter>
    </ClCompile>
    <ClCompile Include="MathGeoLib\src\Math\grisu3_cpp.cpp">
      <Filter>Libraries\MathGeoLib\src\Math</Filter>
    </ClCompile>
    <ClCompile Include="MathGeoLib\src\Math\MathFunc.cpp">
      <Filter>Libraries\MathGeoLib\src\Math</Filter>
    </ClCompile>
    <ClCompile Include="MathGeoLib\src\Math\MathLog.cpp">
      <Filter>Libraries\MathGeoLib\src\Math</Filter>
    </ClCompile>
    <ClCompile Include="MathGeoLib\src\Math\MathOps.cpp">
      <Filter>Libraries\MathGeoLib\src\Math</Filter>
    </ClCompile>
    <ClCompile Include="MathGeoLib\src\Math\MiniFloat.cpp">
      <Filter>Libraries\MathGeoLib\src\Math</Filter>
    </ClCompile>
    <ClCompile Include="MathGeoLib\src\Math\Polynomial.cpp">
      <Filter>Libraries\MathGeoLib\src\Math</Filter>
    </ClCompile>
    <ClCompile Include="MathGeoLib\src\Math\Quat.cpp">
      <Filter>Libraries\MathGeoLib\src\Math</Filter>
    </ClCompile>
    <ClCompile Include="MathGeoLib\src\Math\SSEMath.cpp">
      <Filter>Libraries\MathGeoLib\src\Math</Filter>
    </ClCompile>
    <ClCompile Include="MathGeoLib\src\Math\TransformOps.cpp">
      <Filter>Libraries\MathGeoLib\src\Math</Filter>
    </ClCompile>
    <ClCompile Include="MathGeoLib\src\Time\Clock.cpp">
      <Filter>Libraries\MathGeoLib\src\Time</Filter>
    </ClCompile>
    <ClCompile Include="ModuleConsole.cpp">
      <Filter>Sources\Modules</Filter>
    </ClCompile>
    <ClCompile Include="InspectorWindow.cpp">
      <Filter>Sources\EditorWindows</Filter>
    </ClCompile>
    <ClCompile Include="WindowConfiguration.cpp">
      <Filter>Sources\EditorWindows</Filter>
    </ClCompile>
    <ClCompile Include="JsonParser.cpp">
      <Filter>Sources\Tools\FileManager</Filter>
    </ClCompile>
    <ClCompile Include="JSON\parson.c">
      <Filter>Libraries\JSON</Filter>
    </ClCompile>
    <ClCompile Include="VidMemViaDDraw.cpp">
      <Filter>Sources\Tools</Filter>
    </ClCompile>
    <ClCompile Include="GameObject.cpp">
      <Filter>Sources\GameObjects</Filter>
    </ClCompile>
    <ClCompile Include="HierarchyWindow.cpp">
      <Filter>Sources\EditorWindows</Filter>
    </ClCompile>
    <ClCompile Include="ImGuizmo\ImGuizmo.cpp">
      <Filter>Libraries\ImGuizmo</Filter>
    </ClCompile>
    <ClCompile Include="ImGuizmo\ImSequencer.cpp">
      <Filter>Libraries\ImGuizmo</Filter>
    </ClCompile>
    <ClCompile Include="ModuleLoader.cpp">
      <Filter>Sources\Modules</Filter>
    </ClCompile>
    <ClCompile Include="Component.cpp">
      <Filter>Sources\Components</Filter>
    </ClCompile>
    <ClCompile Include="Transformation.cpp">
      <Filter>Sources\Components</Filter>
    </ClCompile>
    <ClCompile Include="Mesh.cpp">
      <Filter>Sources\Components</Filter>
    </ClCompile>
    <ClCompile Include="ModuleTexture.cpp">
      <Filter>Sources\Modules</Filter>
    </ClCompile>
    <ClCompile Include="SceneWindow.cpp">
      <Filter>Sources\EditorWindows</Filter>
    </ClCompile>
    <ClCompile Include="ModuleFile.cpp" />
  </ItemGroup>
  <ItemGroup>
    <ResourceCompile Include="RealEngine.rc" />
  </ItemGroup>
  <ItemGroup>
    <None Include="MathGeoLib\tests\SystemInfoIos.m">
      <Filter>Libraries\MathGeoLib\tests</Filter>
    </None>
    <None Include="MathGeoLib\src\Geometry\KDTree.inl">
      <Filter>Libraries\MathGeoLib\src\Geometry</Filter>
    </None>
    <None Include="MathGeoLib\src\Geometry\QuadTree.inl">
      <Filter>Libraries\MathGeoLib\src\Geometry</Filter>
    </None>
    <None Include="MathGeoLib\src\Geometry\TriangleMesh_IntersectRay_AVX.inl">
      <Filter>Libraries\MathGeoLib\src\Geometry</Filter>
    </None>
    <None Include="MathGeoLib\src\Geometry\TriangleMesh_IntersectRay_CPP.inl">
      <Filter>Libraries\MathGeoLib\src\Geometry</Filter>
    </None>
    <None Include="MathGeoLib\src\Geometry\TriangleMesh_IntersectRay_SSE.inl">
      <Filter>Libraries\MathGeoLib\src\Geometry</Filter>
    </None>
    <None Include="MathGeoLib\src\Math\float2.inl">
      <Filter>Libraries\MathGeoLib\src\Math</Filter>
    </None>
    <None Include="MathGeoLib\src\Math\Matrix.inl">
      <Filter>Libraries\MathGeoLib\src\Math</Filter>
    </None>
    <None Include="assimp\include\.editorconfig">
      <Filter>Libraries\assimp</Filter>
    </None>
    <None Include="assimp\include\color4.inl">
      <Filter>Libraries\assimp</Filter>
    </None>
    <None Include="assimp\include\config.h.in">
      <Filter>Libraries\assimp</Filter>
    </None>
    <None Include="assimp\include\material.inl">
      <Filter>Libraries\assimp</Filter>
    </None>
    <None Include="assimp\include\matrix3x3.inl">
      <Filter>Libraries\assimp</Filter>
    </None>
    <None Include="assimp\include\matrix4x4.inl">
      <Filter>Libraries\assimp</Filter>
    </None>
    <None Include="assimp\include\quaternion.inl">
      <Filter>Libraries\assimp</Filter>
    </None>
    <None Include="assimp\include\SmoothingGroups.inl">
      <Filter>Libraries\assimp</Filter>
    </None>
    <None Include="assimp\include\vector2.inl">
      <Filter>Libraries\assimp</Filter>
    </None>
    <None Include="assimp\include\vector3.inl">
      <Filter>Libraries\assimp</Filter>
    </None>
  </ItemGroup>
</Project>